Microsoft Visual Studio Solution File, Format Version 12.00
# Visual Studio Version 17
VisualStudioVersion = 17.8.34511.84
MinimumVisualStudioVersion = 10.0.40219.1
Project("{9A19103F-16F7-4668-BE54-9A1E7A4F7556}") = "BioMA.AgroManagement", "BioMA.AgroManagement.csproj", "{1C53B108-1A2F-41D6-88CE-11D37CB506BE}"
EndProject
Project("{2150E333-8FDC-42A3-9474-1A3956D46DE8}") = "Elementi di soluzione", "Elementi di soluzione", "{8F4C0F89-378B-4472-BEDF-590E9B4C4CE2}"
	ProjectSection(SolutionItems) = preProject
		..\azure-pipelines.yml = ..\azure-pipelines.yml
		..\README.md = ..\README.md
	EndProjectSection
EndProject
Global
	GlobalSection(SolutionConfigurationPlatforms) = preSolution
		Debug|Any CPU = Debug|Any CPU
		Release|Any CPU = Release|Any CPU
	EndGlobalSection
	GlobalSection(ProjectConfigurationPlatforms) = postSolution
		{1C53B108-1A2F-41D6-88CE-11D37CB506BE}.Debug|Any CPU.ActiveCfg = Debug|Any CPU
		{1C53B108-1A2F-41D6-88CE-11D37CB506BE}.Debug|Any CPU.Build.0 = Debug|Any CPU
		{1C53B108-1A2F-41D6-88CE-11D37CB506BE}.Release|Any CPU.ActiveCfg = Release|Any CPU
		{1C53B108-1A2F-41D6-88CE-11D37CB506BE}.Release|Any CPU.Build.0 = Release|Any CPU
	EndGlobalSection
	GlobalSection(SolutionProperties) = preSolution
		HideSolutionNode = FALSE
	EndGlobalSection
	GlobalSection(ExtensibilityGlobals) = postSolution
		SolutionGuid = {4A479D13-C766-4704-A5D4-8D0BDC5EF66D}
	EndGlobalSection
EndGlobal
